
Microsoft Visual Studio Solution File, Format Version 12.00
Project("{F2A71F9B-5D33-465A-A702-920D77279786}") = "FSharpTrie", "FSharpTrie\FSharpTrie.fsproj", "{117524CD-E217-4C4E-874A-C5FFC57FF453}"
EndProject
Project("{F2A71F9B-5D33-465A-A702-920D77279786}") = "FSharpTrie.Tests", "FSharpTrie.Tests\FSharpTrie.Tests.fsproj", "{1D56B943-80CB-46F6-8E20-F4E953224E2F}"
EndProject
Global
	GlobalSection(SolutionConfigurationPlatforms) = preSolution
		Debug|Any CPU = Debug|Any CPU
		Release|Any CPU = Release|Any CPU
	EndGlobalSection
	GlobalSection(ProjectConfigurationPlatforms) = postSolution
		{117524CD-E217-4C4E-874A-C5FFC57FF453}.Debug|Any CPU.ActiveCfg = Debug|Any CPU
		{117524CD-E217-4C4E-874A-C5FFC57FF453}.Debug|Any CPU.Build.0 = Debug|Any CPU
		{117524CD-E217-4C4E-874A-C5FFC57FF453}.Release|Any CPU.ActiveCfg = Release|Any CPU
		{117524CD-E217-4C4E-874A-C5FFC57FF453}.Release|Any CPU.Build.0 = Release|Any CPU
		{1D56B943-80CB-46F6-8E20-F4E953224E2F}.Debug|Any CPU.ActiveCfg = Debug|Any CPU
		{1D56B943-80CB-46F6-8E20-F4E953224E2F}.Debug|Any CPU.Build.0 = Debug|Any CPU
		{1D56B943-80CB-46F6-8E20-F4E953224E2F}.Release|Any CPU.ActiveCfg = Release|Any CPU
		{1D56B943-80CB-46F6-8E20-F4E953224E2F}.Release|Any CPU.Build.0 = Release|Any CPU
	EndGlobalSection
EndGlobal
